// !$*UTF8*$!
{
	archiveVersion = 1;
	classes = {
	};
	objectVersion = 50;
	objects = {

/* Begin PBXBuildFile section */
		FBE995D720F74B48000E9F6D /* AppDelegate.swift in Sources */ = {isa = PBXBuildFile; fileRef = FBE995D620F74B48000E9F6D /* AppDelegate.swift */; };
		FBE995D920F74B48000E9F6D /* ViewController.swift in Sources */ = {isa = PBXBuildFile; fileRef = FBE995D820F74B48000E9F6D /* ViewController.swift */; };
		FBE995DC20F74B48000E9F6D /* Main.storyboard in Resources */ = {isa = PBXBuildFile; fileRef = FBE995DA20F74B48000E9F6D /* Main.storyboard */; };
		FBE995DF20F74B48000E9F6D /* Json.xcdatamodeld in Sources */ = {isa = PBXBuildFile; fileRef = FBE995DD20F74B48000E9F6D /* Json.xcdatamodeld */; };
		FBE995E120F74B4C000E9F6D /* Assets.xcassets in Resources */ = {isa = PBXBuildFile; fileRef = FBE995E020F74B4C000E9F6D /* Assets.xcassets */; };
		FBE995E420F74B4C000E9F6D /* LaunchScreen.storyboard in Resources */ = {isa = PBXBuildFile; fileRef = FBE995E220F74B4C000E9F6D /* LaunchScreen.storyboard */; };
		FBE995EF20F74B4C000E9F6D /* JsonUITests.swift in Sources */ = {isa = PBXBuildFile; fileRef = FBE995EE20F74B4C000E9F6D /* JsonUITests.swift */; };
/* End PBXBuildFile section */

/* Begin PBXContainerItemProxy section */
		FBE995EB20F74B4C000E9F6D /* PBXContainerItemProxy */ = {
			isa = PBXContainerItemProxy;
			containerPortal = FBE995CB20F74B48000E9F6D /* Project object */;
			proxyType = 1;
			remoteGlobalIDString = FBE995D220F74B48000E9F6D;
			remoteInfo = Json;
		};
/* End PBXContainerItemProxy section */

/* Begin PBXFileReference section */
		FBE995D320F74B48000E9F6D /* Json.app */ = {isa = PBXFileReference; explicitFileType = wrapper.application; includeInIndex = 0; path = Json.app; sourceTree = BUILT_PRODUCTS_DIR; };
		FBE995D620F74B48000E9F6D /* AppDelegate.swift */ = {isa = PBXFileReference; lastKnownFileType = sourcecode.swift; path = AppDelegate.swift; sourceTree = "<group>"; };
		FBE995D820F74B48000E9F6D /* ViewController.swift */ = {isa = PBXFileReference; lastKnownFileType = sourcecode.swift; path = ViewController.swift; sourceTree = "<group>"; };
		FBE995DB20F74B48000E9F6D /* Base */ = {isa = PBXFileReference; lastKnownFileType = file.storyboard; name = Base; path = Base.lproj/Main.storyboard; sourceTree = "<group>"; };
		FBE995DE20F74B48000E9F6D /* Json.xcdatamodel */ = {isa = PBXFileReference; lastKnownFileType = wrapper.xcdatamodel; path = Json.xcdatamodel; sourceTree = "<group>"; };
		FBE995E020F74B4C000E9F6D /* Assets.xcassets */ = {isa = PBXFileReference; lastKnownFileType = folder.assetcatalog; path = Assets.xcassets; sourceTree = "<group>"; };
		FBE995E320F74B4C000E9F6D /* Base */ = {isa = PBXFileReference; lastKnownFileType = file.storyboard; name = Base; path = Base.lproj/LaunchScreen.storyboard; sourceTree = "<group>"; };
		FBE995E520F74B4C000E9F6D /* Info.plist */ = {isa = PBXFileReference; lastKnownFileType = text.plist.xml; path = Info.plist; sourceTree = "<group>"; };
		FBE995EA20F74B4C000E9F6D /* JsonUITests.xctest */ = {isa = PBXFileReference; explicitFileType = wrapper.cfbundle; includeInIndex = 0; path = JsonUITests.xctest; sourceTree = BUILT_PRODUCTS_DIR; };
		FBE995EE20F74B4C000E9F6D /* JsonUITests.swift */ = {isa = PBXFileReference; lastKnownFileType = sourcecode.swift; path = JsonUITests.swift; sourceTree = "<group>"; };
		FBE995F020F74B4C000E9F6D /* Info.plist */ = {isa = PBXFileReference; lastKnownFileType = text.plist.xml; path = Info.plist; sourceTree = "<group>"; };
/* End PBXFileReference section */

/* Begin PBXFrameworksBuildPhase section */
		FBE995D020F74B48000E9F6D /* Frameworks */ = {
			isa = PBXFrameworksBuildPhase;
			buildActionMask = 2147483647;
			files = (
			);
			runOnlyForDeploymentPostprocessing = 0;
		};
		FBE995E720F74B4C000E9F6D /* Frameworks */ = {
			isa = PBXFrameworksBuildPhase;
			buildActionMask = 2147483647;
			files = (
			);
			runOnlyForDeploymentPostprocessing = 0;
		};
/* End PBXFrameworksBuildPhase section */

/* Begin PBXGroup section */
		FBE995CA20F74B48000E9F6D = {
			isa = PBXGroup;
			children = (
				FBE995D520F74B48000E9F6D /* Json */,
				FBE995ED20F74B4C000E9F6D /* JsonUITests */,
				FBE995D420F74B48000E9F6D /* Products */,
			);
			sourceTree = "<group>";
		};
		FBE995D420F74B48000E9F6D /* Products */ = {
			isa = PBXGroup;
			children = (
				FBE995D320F74B48000E9F6D /* Json.app */,
				FBE995EA20F74B4C000E9F6D /* JsonUITests.xctest */,
			);
			name = Products;
			sourceTree = "<group>";
		};
		FBE995D520F74B48000E9F6D /* Json */ = {
			isa = PBXGroup;
			children = (
				FBE995D620F74B48000E9F6D /* AppDelegate.swift */,
				FBE995D820F74B48000E9F6D /* ViewController.swift */,
				FBE995DA20F74B48000E9F6D /* Main.storyboard */,
				FBE995E020F74B4C000E9F6D /* Assets.xcassets */,
				FBE995E220F74B4C000E9F6D /* LaunchScreen.storyboard */,
				FBE995E520F74B4C000E9F6D /* Info.plist */,
				FBE995DD20F74B48000E9F6D /* Json.xcdatamodeld */,
			);
			path = Json;
			sourceTree = "<group>";
		};
		FBE995ED20F74B4C000E9F6D /* JsonUITests */ = {
			isa = PBXGroup;
			children = (
				FBE995EE20F74B4C000E9F6D /* JsonUITests.swift */,
				FBE995F020F74B4C000E9F6D /* Info.plist */,
			);
			path = JsonUITests;
			sourceTree = "<group>";
		};
/* End PBXGroup section */

/* Begin PBXNativeTarget section */
		FBE995D220F74B48000E9F6D /* Json */ = {
			isa = PBXNativeTarget;
			buildConfigurationList = FBE995F320F74B4C000E9F6D /* Build configuration list for PBXNativeTarget "Json" */;
			buildPhases = (
				FBE995CF20F74B48000E9F6D /* Sources */,
				FBE995D020F74B48000E9F6D /* Frameworks */,
				FBE995D120F74B48000E9F6D /* Resources */,
			);
			buildRules = (
			);
			dependencies = (
			);
			name = Json;
			productName = Json;
			productReference = FBE995D320F74B48000E9F6D /* Json.app */;
			productType = "com.apple.product-type.application";
		};
		FBE995E920F74B4C000E9F6D /* JsonUITests */ = {
			isa = PBXNativeTarget;
			buildConfigurationList = FBE995F620F74B4C000E9F6D /* Build configuration list for PBXNativeTarget "JsonUITests" */;
			buildPhases = (
				FBE995E620F74B4C000E9F6D /* Sources */,
				FBE995E720F74B4C000E9F6D /* Frameworks */,
				FBE995E820F74B4C000E9F6D /* Resources */,
			);
			buildRules = (
			);
			dependencies = (
				FBE995EC20F74B4C000E9F6D /* PBXTargetDependency */,
			);
			name = JsonUITests;
			productName = JsonUITests;
			productReference = FBE995EA20F74B4C000E9F6D /* JsonUITests.xctest */;
			productType = "com.apple.product-type.bundle.ui-testing";
		};
/* End PBXNativeTarget section */

/* Begin PBXProject section */
		FBE995CB20F74B48000E9F6D /* Project object */ = {
			isa = PBXProject;
			attributes = {
				LastSwiftUpdateCheck = 0940;
				LastUpgradeCheck = 0940;
				ORGANIZATIONNAME = "Apple Developer Academy @ Binus";
				TargetAttributes = {
					FBE995D220F74B48000E9F6D = {
						CreatedOnToolsVersion = 9.4.1;
					};
					FBE995E920F74B4C000E9F6D = {
						CreatedOnToolsVersion = 9.4.1;
						TestTargetID = FBE995D220F74B48000E9F6D;
					};
				};
			};
			buildConfigurationList = FBE995CE20F74B48000E9F6D /* Build configuration list for PBXProject "Json" */;
			compatibilityVersion = "Xcode 9.3";
			developmentRegion = en;
			hasScannedForEncodings = 0;
			knownRegions = (
				en,
				Base,
			);
			mainGroup = FBE995CA20F74B48000E9F6D;
			productRefGroup = FBE995D420F74B48000E9F6D /* Products */;
			projectDirPath = "";
			projectRoot = "";
			targets = (
				FBE995D220F74B48000E9F6D /* Json */,
				FBE995E920F74B4C000E9F6D /* JsonUITests */,
			);
		};
/* End PBXProject section */

/* Begin PBXResourcesBuildPhase section */
		FBE995D120F74B48000E9F6D /* Resources */ = {
			isa = PBXResourcesBuildPhase;
			buildActionMask = 2147483647;
			files = (
				FBE995E420F74B4C000E9F6D /* LaunchScreen.storyboard in Resources */,
				FBE995E120F74B4C000E9F6D /* Assets.xcassets in Resources */,
				FBE995DC20F74B48000E9F6D /* Main.storyboard in Resources */,
			);
			runOnlyForDeploymentPostprocessing = 0;
		};
		FBE995E820F74B4C000E9F6D /* Resources */ = {
			isa = PBXResourcesBuildPhase;
			buildActionMask = 2147483647;
			files = (
			);
			runOnlyForDeploymentPostprocessing = 0;
		};
/* End PBXResourcesBuildPhase section */

/* Begin PBXSourcesBuildPhase section */
		FBE995CF20F74B48000E9F6D /* Sources */ = {
			isa = PBXSourcesBuildPhase;
			buildActionMask = 2147483647;
			files = (
				FBE995DF20F74B48000E9F6D /* Json.xcdatamodeld in Sources */,
				FBE995D920F74B48000E9F6D /* ViewController.swift in Sources */,
				FBE995D720F74B48000E9F6D /* AppDelegate.swift in Sources */,
			);
			runOnlyForDeploymentPostprocessing = 0;
		};
		FBE995E620F74B4C000E9F6D /* Sources */ = {
			isa = PBXSourcesBuildPhase;
			buildActionMask = 2147483647;
			files = (
				FBE995EF20F74B4C000E9F6D /* JsonUITests.swift in Sources */,
			);
			runOnlyForDeploymentPostprocessing = 0;
		};
/* End PBXSourcesBuildPhase section */

/* Begin PBXTargetDependency section */
		FBE995EC20F74B4C000E9F6D /* PBXTargetDependency */ = {
			isa = PBXTargetDependency;
			target = FBE995D220F74B48000E9F6D /* Json */;
			targetProxy = FBE995EB20F74B4C000E9F6D /* PBXContainerItemProxy */;
		};
/* End PBXTargetDependency section */

/* Begin PBXVariantGroup section */
		FBE995DA20F74B48000E9F6D /* Main.storyboard */ = {
			isa = PBXVariantGroup;
			children = (
				FBE995DB20F74B48000E9F6D /* Base */,
			);
			name = Main.storyboard;
			sourceTree = "<group>";
		};
		FBE995E220F74B4C000E9F6D /* LaunchScreen.storyboard */ = {
			isa = PBXVariantGroup;
			children = (
				FBE995E320F74B4C000E9F6D /* Base */,
			);
			name = LaunchScreen.storyboard;
			sourceTree = "<group>";
		};
/* End PBXVariantGroup section */

/* Begin XCBuildConfiguration section */
		FBE995F120F74B4C000E9F6D /* Debug */ = {
			isa = XCBuildConfiguration;
			buildSettings = {
				ALWAYS_SEARCH_USER_PATHS = NO;
				CLANG_ANALYZER_NONNULL = YES;
				CLANG_ANALYZER_NUMBER_OBJECT_CONVERSION = YES_AGGRESSIVE;
				CLANG_CXX_LANGUAGE_STANDARD = "gnu++14";
				CLANG_CXX_LIBRARY = "libc++";
				CLANG_ENABLE_MODULES = YES;
				CLANG_ENABLE_OBJC_ARC = YES;
				CLANG_ENABLE_OBJC_WEAK = YES;
				CLANG_WARN_BLOCK_CAPTURE_AUTORELEASING = YES;
				CLANG_WARN_BOOL_CONVERSION = YES;
				CLANG_WARN_COMMA = YES;
				CLANG_WARN_CONSTANT_CONVERSION = YES;
				CLANG_WARN_DEPRECATED_OBJC_IMPLEMENTATIONS = YES;
				CLANG_WARN_DIRECT_OBJC_ISA_USAGE = YES_ERROR;
				CLANG_WARN_DOCUMENTATION_COMMENTS = YES;
				CLANG_WARN_EMPTY_BODY = YES;
				CLANG_WARN_ENUM_CONVERSION = YES;
				CLANG_WARN_INFINITE_RECURSION = YES;
				CLANG_WARN_INT_CONVERSION = YES;
				CLANG_WARN_NON_LITERAL_NULL_CONVERSION = YES;
				CLANG_WARN_OBJC_IMPLICIT_RETAIN_SELF = YES;
				CLANG_WARN_OBJC_LITERAL_CONVERSION = YES;
				CLANG_WARN_OBJC_ROOT_CLASS = YES_ERROR;
				CLANG_WARN_RANGE_LOOP_ANALYSIS = YES;
				CLANG_WARN_STRICT_PROTOTYPES = YES;
				CLANG_WARN_SUSPICIOUS_MOVE = YES;
				CLANG_WARN_UNGUARDED_AVAILABILITY = YES_AGGRESSIVE;
				CLANG_WARN_UNREACHABLE_CODE = YES;
				CLANG_WARN__DUPLICATE_METHOD_MATCH = YES;
				CODE_SIGN_IDENTITY = "iPhone Developer";
				COPY_PHASE_STRIP = NO;
				DEBUG_INFORMATION_FORMAT = dwarf;
				ENABLE_STRICT_OBJC_MSGSEND = YES;
				ENABLE_TESTABILITY = YES;
				GCC_C_LANGUAGE_STANDARD = gnu11;
				GCC_DYNAMIC_NO_PIC = NO;
				GCC_NO_COMMON_BLOCKS = YES;
				GCC_OPTIMIZATION_LEVEL = 0;
				GCC_PREPROCESSOR_DEFINITIONS = (
					"DEBUG=1",
					"$(inherited)",
				);
				GCC_WARN_64_TO_32_BIT_CONVERSION = YES;
				GCC_WARN_ABOUT_RETURN_TYPE = YES_ERROR;
				GCC_WARN_UNDECLARED_SELECTOR = YES;
				GCC_WARN_UNINITIALIZED_AUTOS = YES_AGGRESSIVE;
				GCC_WARN_UNUSED_FUNCTION = YES;
				GCC_WARN_UNUSED_VARIABLE = YES;
				IPHONEOS_DEPLOYMENT_TARGET = 11.4;
				MTL_ENABLE_DEBUG_INFO = YES;
				ONLY_ACTIVE_ARCH = YES;
				SDKROOT = iphoneos;
				SWIFT_ACTIVE_COMPILATION_CONDITIONS = DEBUG;
				SWIFT_OPTIMIZATION_LEVEL = "-Onone";
			};
			name = Debug;
		};
		FBE995F220F74B4C000E9F6D /* Release */ = {
			isa = XCBuildConfiguration;
			buildSettings = {
				ALWAYS_SEARCH_USER_PATHS = NO;
				CLANG_ANALYZER_NONNULL = YES;
				CLANG_ANALYZER_NUMBER_OBJECT_CONVERSION = YES_AGGRESSIVE;
				CLANG_CXX_LANGUAGE_STANDARD = "gnu++14";
				CLANG_CXX_LIBRARY = "libc++";
				CLANG_ENABLE_MODULES = YES;
				CLANG_ENABLE_OBJC_ARC = YES;
				CLANG_ENABLE_OBJC_WEAK = YES;
				CLANG_WARN_BLOCK_CAPTURE_AUTORELEASING = YES;
				CLANG_WARN_BOOL_CONVERSION = YES;
				CLANG_WARN_COMMA = YES;
				CLANG_WARN_CONSTANT_CONVERSION = YES;
				CLANG_WARN_DEPRECATED_OBJC_IMPLEMENTATIONS = YES;
				CLANG_WARN_DIRECT_OBJC_ISA_USAGE = YES_ERROR;
				CLANG_WARN_DOCUMENTATION_COMMENTS = YES;
				CLANG_WARN_EMPTY_BODY = YES;
				CLANG_WARN_ENUM_CONVERSION = YES;
				CLANG_WARN_INFINITE_RECURSION = YES;
				CLANG_WARN_INT_CONVERSION = YES;
				CLANG_WARN_NON_LITERAL_NULL_CONVERSION = YES;
				CLANG_WARN_OBJC_IMPLICIT_RETAIN_SELF = YES;
				CLANG_WARN_OBJC_LITERAL_CONVERSION = YES;
				CLANG_WARN_OBJC_ROOT_CLASS = YES_ERROR;
				CLANG_WARN_RANGE_LOOP_ANALYSIS = YES;
				CLANG_WARN_STRICT_PROTOTYPES = YES;
				CLANG_WARN_SUSPICIOUS_MOVE = YES;
				CLANG_WARN_UNGUARDED_AVAILABILITY = YES_AGGRESSIVE;
				CLANG_WARN_UNREACHABLE_CODE = YES;
				CLANG_WARN__DUPLICATE_METHOD_MATCH = YES;
				CODE_SIGN_IDENTITY = "iPhone Developer";
				COPY_PHASE_STRIP = NO;
				DEBUG_INFORMATION_FORMAT = "dwarf-with-dsym";
				ENABLE_NS_ASSERTIONS = NO;
				ENABLE_STRICT_OBJC_MSGSEND = YES;
				GCC_C_LANGUAGE_STANDARD = gnu11;
				GCC_NO_COMMON_BLOCKS = YES;
				GCC_WARN_64_TO_32_BIT_CONVERSION = YES;
				GCC_WARN_ABOUT_RETURN_TYPE = YES_ERROR;
				GCC_WARN_UNDECLARED_SELECTOR = YES;
				GCC_WARN_UNINITIALIZED_AUTOS = YES_AGGRESSIVE;
				GCC_WARN_UNUSED_FUNCTION = YES;
				GCC_WARN_UNUSED_VARIABLE = YES;
				IPHONEOS_DEPLOYMENT_TARGET = 11.4;
				MTL_ENABLE_DEBUG_INFO = NO;
				SDKROOT = iphoneos;
				SWIFT_COMPILATION_MODE = wholemodule;
				SWIFT_OPTIMIZATION_LEVEL = "-O";
				VALIDATE_PRODUCT = YES;
			};
			name = Release;
		};
		FBE995F420F74B4C000E9F6D /* Debug */ = {
			isa = XCBuildConfiguration;
			buildSettings = {
				ASSETCATALOG_COMPILER_APPICON_NAME = AppIcon;
				CODE_SIGN_STYLE = Automatic;
				DEVELOPMENT_TEAM = W7VX669QKF;
				INFOPLIST_FILE = Json/Info.plist;
				LD_RUNPATH_SEARCH_PATHS = (
					"$(inherited)",
					"@executable_path/Frameworks",
				);
				PRODUCT_BUNDLE_IDENTIFIER = com.atn010.Json;
				PRODUCT_NAME = "$(TARGET_NAME)";
				SWIFT_VERSION = 4.0;
				TARGETED_DEVICE_FAMILY = "1,2";
			};
			name = Debug;
		};
		FBE995F520F74B4C000E9F6D /* Release */ = {
			isa = XCBuildConfiguration;
			buildSettings = {
				ASSETCATALOG_COMPILER_APPICON_NAME = AppIcon;
				CODE_SIGN_STYLE = Automatic;
				DEVELOPMENT_TEAM = W7VX669QKF;
				INFOPLIST_FILE = Json/Info.plist;
				LD_RUNPATH_SEARCH_PATHS = (
					"$(inherited)",
					"@executable_path/Frameworks",
				);
				PRODUCT_BUNDLE_IDENTIFIER = com.atn010.Json;
				PRODUCT_NAME = "$(TARGET_NAME)";
				SWIFT_VERSION = 4.0;
				TARGETED_DEVICE_FAMILY = "1,2";
			};
			name = Release;
		};
		FBE995F720F74B4C000E9F6D /* Debug */ = {
			isa = XCBuildConfiguration;
			buildSettings = {
				ALWAYS_EMBED_SWIFT_STANDARD_LIBRARIES = YES;
				CODE_SIGN_STYLE = Automatic;
				DEVELOPMENT_TEAM = W7VX669QKF;
				INFOPLIST_FILE = JsonUITests/Info.plist;
				LD_RUNPATH_SEARCH_PATHS = (
					"$(inherited)",
					"@executable_path/Frameworks",
					"@loader_path/Frameworks",
				);
				PRODUCT_BUNDLE_IDENTIFIER = com.atn010.JsonUITests;
				PRODUCT_NAME = "$(TARGET_NAME)";
				SWIFT_VERSION = 4.0;
				TARGETED_DEVICE_FAMILY = "1,2";
				TEST_TARGET_NAME = Json;
			};
			name = Debug;
		};
		FBE995F820F74B4C000E9F6D /* Release */ = {
			isa = XCBuildConfiguration;
			buildSettings = {
				ALWAYS_EMBED_SWIFT_STANDARD_LIBRARIES = YES;
				CODE_SIGN_STYLE = Automatic;
				DEVELOPMENT_TEAM = W7VX669QKF;
				INFOPLIST_FILE = JsonUITests/Info.plist;
				LD_RUNPATH_SEARCH_PATHS = (
					"$(inherited)",
					"@executable_path/Frameworks",
					"@loader_path/Frameworks",
				);
				PRODUCT_BUNDLE_IDENTIFIER = com.atn010.JsonUITests;
				PRODUCT_NAME = "$(TARGET_NAME)";
				SWIFT_VERSION = 4.0;
				TARGETED_DEVICE_FAMILY = "1,2";
				TEST_TARGET_NAME = Json;
			};
			name = Release;
		};
/* End XCBuildConfiguration section */

/* Begin XCConfigurationList section */
		FBE995CE20F74B48000E9F6D /* Build configuration list for PBXProject "Json" */ = {
			isa = XCConfigurationList;
			buildConfigurations = (
				FBE995F120F74B4C000E9F6D /* Debug */,
				FBE995F220F74B4C000E9F6D /* Release */,
			);
			defaultConfigurationIsVisible = 0;
			defaultConfigurationName = Release;
		};
		FBE995F320F74B4C000E9F6D /* Build configuration list for PBXNativeTarget "Json" */ = {
			isa = XCConfigurationList;
			buildConfigurations = (
				FBE995F420F74B4C000E9F6D /* Debug */,
				FBE995F520F74B4C000E9F6D /* Release */,
			);
			defaultConfigurationIsVisible = 0;
			defaultConfigurationName = Release;
		};
		FBE995F620F74B4C000E9F6D /* Build configuration list for PBXNativeTarget "JsonUITests" */ = {
			isa = XCConfigurationList;
			buildConfigurations = (
				FBE995F720F74B4C000E9F6D /* Debug */,
				FBE995F820F74B4C000E9F6D /* Release */,
			);
			defaultConfigurationIsVisible = 0;
			defaultConfigurationName = Release;
		};
/* End XCConfigurationList section */

/* Begin XCVersionGroup section */
		FBE995DD20F74B48000E9F6D /* Json.xcdatamodeld */ = {
			isa = XCVersionGroup;
			children = (
				FBE995DE20F74B48000E9F6D /* Json.xcdatamodel */,
			);
			currentVersion = FBE995DE20F74B48000E9F6D /* Json.xcdatamodel */;
			path = Json.xcdatamodeld;
			sourceTree = "<group>";
			versionGroupType = wrapper.xcdatamodel;
		};
/* End XCVersionGroup section */
	};
	rootObject = FBE995CB20F74B48000E9F6D /* Project object */;
}
